
Microsoft Visual Studio Solution File, Format Version 12.00
# Visual Studio Version 17
VisualStudioVersion = 17.9.34728.123
MinimumVisualStudioVersion = 10.0.40219.1
Project("{FAE04EC0-301F-11D3-BF4B-00C04F79EFBC}") = "CadParcial2Ajavp", "CadParcial2Ajavp\CadParcial2Ajavp.csproj", "{5CA246AF-AB60-4E7E-803E-25370C0D0660}"
EndProject
Project("{FAE04EC0-301F-11D3-BF4B-00C04F79EFBC}") = "ClnParcial2Ajavp", "ClnParcial2Ajavp\ClnParcial2Ajavp.csproj", "{D2442E37-C7EE-46CB-AEEA-DCA8CA1B547D}"
EndProject
Project("{FAE04EC0-301F-11D3-BF4B-00C04F79EFBC}") = "CpParcial2Ajavp", "CpParcial2Ajavp\CpParcial2Ajavp.csproj", "{E7080009-F5E7-4224-85C6-96323807D453}"
EndProject
Global
	GlobalSection(SolutionConfigurationPlatforms) = preSolution
		Debug|Any CPU = Debug|Any CPU
		Release|Any CPU = Release|Any CPU
	EndGlobalSection
	GlobalSection(ProjectConfigurationPlatforms) = postSolution
		{5CA246AF-AB60-4E7E-803E-25370C0D0660}.Debug|Any CPU.ActiveCfg = Debug|Any CPU
		{5CA246AF-AB60-4E7E-803E-25370C0D0660}.Debug|Any CPU.Build.0 = Debug|Any CPU
		{5CA246AF-AB60-4E7E-803E-25370C0D0660}.Release|Any CPU.ActiveCfg = Release|Any CPU
		{5CA246AF-AB60-4E7E-803E-25370C0D0660}.Release|Any CPU.Build.0 = Release|Any CPU
		{D2442E37-C7EE-46CB-AEEA-DCA8CA1B547D}.Debug|Any CPU.ActiveCfg = Debug|Any CPU
		{D2442E37-C7EE-46CB-AEEA-DCA8CA1B547D}.Debug|Any CPU.Build.0 = Debug|Any CPU
		{D2442E37-C7EE-46CB-AEEA-DCA8CA1B547D}.Release|Any CPU.ActiveCfg = Release|Any CPU
		{D2442E37-C7EE-46CB-AEEA-DCA8CA1B547D}.Release|Any CPU.Build.0 = Release|Any CPU
		{E7080009-F5E7-4224-85C6-96323807D453}.Debug|Any CPU.ActiveCfg = Debug|Any CPU
		{E7080009-F5E7-4224-85C6-96323807D453}.Debug|Any CPU.Build.0 = Debug|Any CPU
		{E7080009-F5E7-4224-85C6-96323807D453}.Release|Any CPU.ActiveCfg = Release|Any CPU
		{E7080009-F5E7-4224-85C6-96323807D453}.Release|Any CPU.Build.0 = Release|Any CPU
	EndGlobalSection
	GlobalSection(SolutionProperties) = preSolution
		HideSolutionNode = FALSE
	EndGlobalSection
	GlobalSection(ExtensibilityGlobals) = postSolution
		SolutionGuid = {724A3BD9-ED95-460E-8A4C-C8B3337DC00A}
	EndGlobalSection
EndGlobal
